
Microsoft Visual Studio Solution File, Format Version 12.00
# Visual Studio Version 17
VisualStudioVersion = 17.5.2.0
MinimumVisualStudioVersion = 10.0.40219.1
Project("{FAE04EC0-301F-11D3-BF4B-00C04F79EFBC}") = "FirstAPI", "FirstAPI.csproj", "{75E740CC-F8DB-B017-A71D-92034BBA1895}"
EndProject
Global
	GlobalSection(SolutionConfigurationPlatforms) = preSolution
		Debug|Any CPU = Debug|Any CPU
		Debug|x64 = Debug|x64
		Debug|x86 = Debug|x86
		Release|Any CPU = Release|Any CPU
		Release|x64 = Release|x64
		Release|x86 = Release|x86
	EndGlobalSection
	GlobalSection(ProjectConfigurationPlatforms) = postSolution
		{75E740CC-F8DB-B017-A71D-92034BBA1895}.Debug|Any CPU.ActiveCfg = Debug|Any CPU
		{75E740CC-F8DB-B017-A71D-92034BBA1895}.Debug|Any CPU.Build.0 = Debug|Any CPU
		{75E740CC-F8DB-B017-A71D-92034BBA1895}.Debug|x64.ActiveCfg = Debug|Any CPU
		{75E740CC-F8DB-B017-A71D-92034BBA1895}.Debug|x64.Build.0 = Debug|Any CPU
		{75E740CC-F8DB-B017-A71D-92034BBA1895}.Debug|x86.ActiveCfg = Debug|Any CPU
		{75E740CC-F8DB-B017-A71D-92034BBA1895}.Debug|x86.Build.0 = Debug|Any CPU
		{75E740CC-F8DB-B017-A71D-92034BBA1895}.Release|Any CPU.ActiveCfg = Release|Any CPU
		{75E740CC-F8DB-B017-A71D-92034BBA1895}.Release|Any CPU.Build.0 = Release|Any CPU
		{75E740CC-F8DB-B017-A71D-92034BBA1895}.Release|x64.ActiveCfg = Release|Any CPU
		{75E740CC-F8DB-B017-A71D-92034BBA1895}.Release|x64.Build.0 = Release|Any CPU
		{75E740CC-F8DB-B017-A71D-92034BBA1895}.Release|x86.ActiveCfg = Release|Any CPU
		{75E740CC-F8DB-B017-A71D-92034BBA1895}.Release|x86.Build.0 = Release|Any CPU
		{7C22F4C2-C334-42A1-A6F5-F95E60E74941}.Debug|Any CPU.ActiveCfg = Debug|Any CPU
		{7C22F4C2-C334-42A1-A6F5-F95E60E74941}.Debug|Any CPU.Build.0 = Debug|Any CPU
		{7C22F4C2-C334-42A1-A6F5-F95E60E74941}.Debug|x64.ActiveCfg = Debug|Any CPU
		{7C22F4C2-C334-42A1-A6F5-F95E60E74941}.Debug|x64.Build.0 = Debug|Any CPU
		{7C22F4C2-C334-42A1-A6F5-F95E60E74941}.Debug|x86.ActiveCfg = Debug|Any CPU
		{7C22F4C2-C334-42A1-A6F5-F95E60E74941}.Debug|x86.Build.0 = Debug|Any CPU
		{7C22F4C2-C334-42A1-A6F5-F95E60E74941}.Release|Any CPU.ActiveCfg = Release|Any CPU
		{7C22F4C2-C334-42A1-A6F5-F95E60E74941}.Release|Any CPU.Build.0 = Release|Any CPU
		{7C22F4C2-C334-42A1-A6F5-F95E60E74941}.Release|x64.ActiveCfg = Release|Any CPU
		{7C22F4C2-C334-42A1-A6F5-F95E60E74941}.Release|x64.Build.0 = Release|Any CPU
		{7C22F4C2-C334-42A1-A6F5-F95E60E74941}.Release|x86.ActiveCfg = Release|Any CPU
		{7C22F4C2-C334-42A1-A6F5-F95E60E74941}.Release|x86.Build.0 = Release|Any CPU
	EndGlobalSection
	GlobalSection(SolutionProperties) = preSolution
		HideSolutionNode = FALSE
	EndGlobalSection
	GlobalSection(ExtensibilityGlobals) = postSolution
		SolutionGuid = {0FFBAC75-2876-4A9F-A95F-FEA32A47AD30}
	EndGlobalSection
EndGlobal
