Microsoft Visual Studio Solution File, Format Version 12.00
# Visual Studio Version 17
VisualStudioVersion = 17.5.2.0
MinimumVisualStudioVersion = 10.0.40219.1
Project("{FAE04EC0-301F-11D3-BF4B-00C04F79EFBC}") = "BlobApplication", "BlobApplication.csproj", "{296422B2-8C60-089D-BFBD-35E4DB3F8932}"
EndProject
Global
	GlobalSection(SolutionConfigurationPlatforms) = preSolution
		Debug|Any CPU = Debug|Any CPU
		Release|Any CPU = Release|Any CPU
	EndGlobalSection
	GlobalSection(ProjectConfigurationPlatforms) = postSolution
		{296422B2-8C60-089D-BFBD-35E4DB3F8932}.Debug|Any CPU.ActiveCfg = Debug|Any CPU
		{296422B2-8C60-089D-BFBD-35E4DB3F8932}.Debug|Any CPU.Build.0 = Debug|Any CPU
		{296422B2-8C60-089D-BFBD-35E4DB3F8932}.Release|Any CPU.ActiveCfg = Release|Any CPU
		{296422B2-8C60-089D-BFBD-35E4DB3F8932}.Release|Any CPU.Build.0 = Release|Any CPU
	EndGlobalSection
	GlobalSection(SolutionProperties) = preSolution
		HideSolutionNode = FALSE
	EndGlobalSection
	GlobalSection(ExtensibilityGlobals) = postSolution
		SolutionGuid = {5EDC42B8-E3D9-4B3A-9A2A-AD516158FF3C}
	EndGlobalSection
EndGlobal
