
Microsoft Visual Studio Solution File, Format Version 12.00
# Visual Studio Version 17
VisualStudioVersion = 17.0.31903.59
MinimumVisualStudioVersion = 10.0.40219.1
Project("{FAE04EC0-301F-11D3-BF4B-00C04F79EFBC}") = "FirstAPI", "FirstAPI\FirstAPI.csproj", "{67529469-3E4F-40CD-B1DD-A0967100DBD3}"
EndProject
Project("{FAE04EC0-301F-11D3-BF4B-00C04F79EFBC}") = "FirstAPI.Test", "FirstAPI.Test\FirstAPI.Test.csproj", "{A2967C5E-427D-4C41-82AB-0264584B76F5}"
EndProject
Project("{FAE04EC0-301F-11D3-BF4B-00C04F79EFBC}") = "FileHandlerApplication", "..\June5\FileHandlerApplication\FileHandlerApplication.csproj", "{3BA81FAB-D113-4B0B-9FA0-787642495143}"
EndProject
Global
	GlobalSection(SolutionConfigurationPlatforms) = preSolution
		Debug|Any CPU = Debug|Any CPU
		Debug|x64 = Debug|x64
		Debug|x86 = Debug|x86
		Release|Any CPU = Release|Any CPU
		Release|x64 = Release|x64
		Release|x86 = Release|x86
	EndGlobalSection
	GlobalSection(ProjectConfigurationPlatforms) = postSolution
		{67529469-3E4F-40CD-B1DD-A0967100DBD3}.Debug|Any CPU.ActiveCfg = Debug|Any CPU
		{67529469-3E4F-40CD-B1DD-A0967100DBD3}.Debug|Any CPU.Build.0 = Debug|Any CPU
		{67529469-3E4F-40CD-B1DD-A0967100DBD3}.Debug|x64.ActiveCfg = Debug|Any CPU
		{67529469-3E4F-40CD-B1DD-A0967100DBD3}.Debug|x64.Build.0 = Debug|Any CPU
		{67529469-3E4F-40CD-B1DD-A0967100DBD3}.Debug|x86.ActiveCfg = Debug|Any CPU
		{67529469-3E4F-40CD-B1DD-A0967100DBD3}.Debug|x86.Build.0 = Debug|Any CPU
		{67529469-3E4F-40CD-B1DD-A0967100DBD3}.Release|Any CPU.ActiveCfg = Release|Any CPU
		{67529469-3E4F-40CD-B1DD-A0967100DBD3}.Release|Any CPU.Build.0 = Release|Any CPU
		{67529469-3E4F-40CD-B1DD-A0967100DBD3}.Release|x64.ActiveCfg = Release|Any CPU
		{67529469-3E4F-40CD-B1DD-A0967100DBD3}.Release|x64.Build.0 = Release|Any CPU
		{67529469-3E4F-40CD-B1DD-A0967100DBD3}.Release|x86.ActiveCfg = Release|Any CPU
		{67529469-3E4F-40CD-B1DD-A0967100DBD3}.Release|x86.Build.0 = Release|Any CPU
		{A2967C5E-427D-4C41-82AB-0264584B76F5}.Debug|Any CPU.ActiveCfg = Debug|Any CPU
		{A2967C5E-427D-4C41-82AB-0264584B76F5}.Debug|Any CPU.Build.0 = Debug|Any CPU
		{A2967C5E-427D-4C41-82AB-0264584B76F5}.Debug|x64.ActiveCfg = Debug|Any CPU
		{A2967C5E-427D-4C41-82AB-0264584B76F5}.Debug|x64.Build.0 = Debug|Any CPU
		{A2967C5E-427D-4C41-82AB-0264584B76F5}.Debug|x86.ActiveCfg = Debug|Any CPU
		{A2967C5E-427D-4C41-82AB-0264584B76F5}.Debug|x86.Build.0 = Debug|Any CPU
		{A2967C5E-427D-4C41-82AB-0264584B76F5}.Release|Any CPU.ActiveCfg = Release|Any CPU
		{A2967C5E-427D-4C41-82AB-0264584B76F5}.Release|Any CPU.Build.0 = Release|Any CPU
		{A2967C5E-427D-4C41-82AB-0264584B76F5}.Release|x64.ActiveCfg = Release|Any CPU
		{A2967C5E-427D-4C41-82AB-0264584B76F5}.Release|x64.Build.0 = Release|Any CPU
		{A2967C5E-427D-4C41-82AB-0264584B76F5}.Release|x86.ActiveCfg = Release|Any CPU
		{A2967C5E-427D-4C41-82AB-0264584B76F5}.Release|x86.Build.0 = Release|Any CPU
		{3BA81FAB-D113-4B0B-9FA0-787642495143}.Debug|Any CPU.ActiveCfg = Debug|Any CPU
		{3BA81FAB-D113-4B0B-9FA0-787642495143}.Debug|Any CPU.Build.0 = Debug|Any CPU
		{3BA81FAB-D113-4B0B-9FA0-787642495143}.Debug|x64.ActiveCfg = Debug|Any CPU
		{3BA81FAB-D113-4B0B-9FA0-787642495143}.Debug|x64.Build.0 = Debug|Any CPU
		{3BA81FAB-D113-4B0B-9FA0-787642495143}.Debug|x86.ActiveCfg = Debug|Any CPU
		{3BA81FAB-D113-4B0B-9FA0-787642495143}.Debug|x86.Build.0 = Debug|Any CPU
		{3BA81FAB-D113-4B0B-9FA0-787642495143}.Release|Any CPU.ActiveCfg = Release|Any CPU
		{3BA81FAB-D113-4B0B-9FA0-787642495143}.Release|Any CPU.Build.0 = Release|Any CPU
		{3BA81FAB-D113-4B0B-9FA0-787642495143}.Release|x64.ActiveCfg = Release|Any CPU
		{3BA81FAB-D113-4B0B-9FA0-787642495143}.Release|x64.Build.0 = Release|Any CPU
		{3BA81FAB-D113-4B0B-9FA0-787642495143}.Release|x86.ActiveCfg = Release|Any CPU
		{3BA81FAB-D113-4B0B-9FA0-787642495143}.Release|x86.Build.0 = Release|Any CPU
	EndGlobalSection
	GlobalSection(SolutionProperties) = preSolution
		HideSolutionNode = FALSE
	EndGlobalSection
EndGlobal
